<?xml version="1.0" encoding="utf-8"?>
<Project ToolsVersion="4.0" xmlns="http://schemas.microsoft.com/developer/msbuild/2003">
  <ItemGroup>
    <Filter Include="Generated Files">
      <UniqueIdentifier>{71ED8ED8-ACB9-4CE9-BBE1-E00B30144E11}</UniqueIdentifier>
      <Extensions>cpp;c;cxx;moc;h;def;odl;idl;res;</Extensions>
    </Filter>
    <Filter Include="Generated Files">
      <UniqueIdentifier>{71ED8ED8-ACB9-4CE9-BBE1-E00B30144E11}</UniqueIdentifier>
      <Extensions>cpp;c;cxx;moc;h;def;odl;idl;res;</Extensions>
    </Filter>
    <Filter Include="Header Files">
      <UniqueIdentifier>{93995380-89BD-4b04-88EB-625FBE52EBFB}</UniqueIdentifier>
      <Extensions>h;hpp;hxx;hm;inl;inc;xsd</Extensions>
    </Filter>
    <Filter Include="Header Files">
      <UniqueIdentifier>{93995380-89BD-4b04-88EB-625FBE52EBFB}</UniqueIdentifier>
      <Extensions>h;hpp;hxx;hm;inl;inc;xsd</Extensions>
    </Filter>
    <Filter Include="Resource Files">
      <UniqueIdentifier>{D9D6E242-F8AF-46E4-B9FD-80ECBC20BA3E}</UniqueIdentifier>
      <Extensions>qrc;*</Extensions>
      <ParseFiles>false</ParseFiles>
    </Filter>
    <Filter Include="Resource Files">
      <UniqueIdentifier>{D9D6E242-F8AF-46E4-B9FD-80ECBC20BA3E}</UniqueIdentifier>
      <Extensions>qrc;*</Extensions>
      <ParseFiles>false</ParseFiles>
    </Filter>
    <Filter Include="Source Files">
      <UniqueIdentifier>{4FC737F1-C7A5-4376-A066-2A32D752A2FF}</UniqueIdentifier>
      <Extensions>cpp;c;cxx;def;odl;idl;hpj;bat;asm;asmx</Extensions>
    </Filter>
    <Filter Include="Source Files">
      <UniqueIdentifier>{4FC737F1-C7A5-4376-A066-2A32D752A2FF}</UniqueIdentifier>
      <Extensions>cpp;c;cxx;def;odl;idl;hpj;bat;asm;asmx</Extensions>
    </Filter>
  </ItemGroup>
  <ItemGroup>
    <ClCompile Include="configer.cpp">
      <Filter>Source Files</Filter>
    </ClCompile>
    <ClCompile Include="factorylogin.cpp">
      <Filter>Source Files</Filter>
    </ClCompile>
    <ClCompile Include="gocontroller.cpp">
      <Filter>Source Files</Filter>
    </ClCompile>
    <ClCompile Include="..\common\include\jsoncpp\json_reader.cpp">
      <Filter>Source Files</Filter>
    </ClCompile>
    <ClCompile Include="..\common\include\jsoncpp\json_value.cpp">
      <Filter>Source Files</Filter>
    </ClCompile>
    <ClCompile Include="..\common\include\jsoncpp\json_writer.cpp">
      <Filter>Source Files</Filter>
    </ClCompile>
    <ClCompile Include="main.cpp">
      <Filter>Source Files</Filter>
    </ClCompile>
    <ClCompile Include="mainwindow.cpp">
      <Filter>Source Files</Filter>
    </ClCompile>
    <ClCompile Include="netclient.cpp">
      <Filter>Source Files</Filter>
    </ClCompile>
    <ClCompile Include="playthread.cpp">
      <Filter>Source Files</Filter>
    </ClCompile>
    <ClCompile Include="..\common\include\qhttp\qhttpnetwork.cpp">
      <Filter>Source Files</Filter>
    </ClCompile>
    <ClCompile Include="titlewidget.cpp">
      <Filter>Source Files</Filter>
    </ClCompile>
    <ClCompile Include="topwidget.cpp">
      <Filter>Source Files</Filter>
    </ClCompile>
    <ClCompile Include="userlogindlg.cpp">
      <Filter>Source Files</Filter>
    </ClCompile>
  </ItemGroup>
  <ItemGroup>
    <ClInclude Include="..\common\include\jsoncpp\autolink.h">
      <Filter>Header Files</Filter>
    </ClInclude>
    <ClInclude Include="common.h">
      <Filter>Header Files</Filter>
    </ClInclude>
    <ClInclude Include="..\common\include\jsoncpp\config.h">
      <Filter>Header Files</Filter>
    </ClInclude>
    <ClInclude Include="configer.h">
      <Filter>Header Files</Filter>
    </ClInclude>
    <CustomBuild Include="factorylogin.h">
      <Filter>Header Files</Filter>
    </CustomBuild>
    <ClInclude Include="..\common\include\jsoncpp\features.h">
      <Filter>Header Files</Filter>
    </ClInclude>
    <ClInclude Include="..\common\include\jsoncpp\forwards.h">
      <Filter>Header Files</Filter>
    </ClInclude>
    <ClInclude Include="gocontroller.h">
      <Filter>Header Files</Filter>
    </ClInclude>
    <ClInclude Include="..\common\include\jsoncpp\json.h">
      <Filter>Header Files</Filter>
    </ClInclude>
    <ClInclude Include="..\common\include\jsoncpp\json_batchallocator.h">
      <Filter>Header Files</Filter>
    </ClInclude>
    <CustomBuild Include="mainwindow.h">
      <Filter>Header Files</Filter>
    </CustomBuild>
    <CustomBuild Include="netclient.h">
      <Filter>Header Files</Filter>
    </CustomBuild>
    <CustomBuild Include="playthread.h">
      <Filter>Header Files</Filter>
    </CustomBuild>
    <CustomBuild Include="..\common\include\qhttp\qhttpnetwork.h">
      <Filter>Header Files</Filter>
    </CustomBuild>
    <ClInclude Include="..\common\include\jsoncpp\reader.h">
      <Filter>Header Files</Filter>
    </ClInclude>
    <CustomBuild Include="titlewidget.h">
      <Filter>Header Files</Filter>
    </CustomBuild>
    <ClInclude Include="topwidget.h">
      <Filter>Header Files</Filter>
    </ClInclude>
    <CustomBuild Include="userlogindlg.h">
      <Filter>Header Files</Filter>
    </CustomBuild>
    <ClInclude Include="..\common\include\jsoncpp\value.h">
      <Filter>Header Files</Filter>
    </ClInclude>
    <ClInclude Include="..\common\include\jsoncpp\writer.h">
      <Filter>Header Files</Filter>
    </ClInclude>
  </ItemGroup>
  <ItemGroup>
    <ClCompile Include="debug\moc_factorylogin.cpp">
      <Filter>Generated Files</Filter>
    </ClCompile>
    <ClCompile Include="release\moc_factorylogin.cpp">
      <Filter>Generated Files</Filter>
    </ClCompile>
    <ClCompile Include="debug\moc_mainwindow.cpp">
      <Filter>Generated Files</Filter>
    </ClCompile>
    <ClCompile Include="release\moc_mainwindow.cpp">
      <Filter>Generated Files</Filter>
    </ClCompile>
    <ClCompile Include="debug\moc_netclient.cpp">
      <Filter>Generated Files</Filter>
    </ClCompile>
    <ClCompile Include="release\moc_netclient.cpp">
      <Filter>Generated Files</Filter>
    </ClCompile>
    <ClCompile Include="debug\moc_playthread.cpp">
      <Filter>Generated Files</Filter>
    </ClCompile>
    <ClCompile Include="release\moc_playthread.cpp">
      <Filter>Generated Files</Filter>
    </ClCompile>
    <ClCompile Include="debug\moc_qhttpnetwork.cpp">
      <Filter>Generated Files</Filter>
    </ClCompile>
    <ClCompile Include="release\moc_qhttpnetwork.cpp">
      <Filter>Generated Files</Filter>
    </ClCompile>
    <ClCompile Include="debug\moc_titlewidget.cpp">
      <Filter>Generated Files</Filter>
    </ClCompile>
    <ClCompile Include="release\moc_titlewidget.cpp">
      <Filter>Generated Files</Filter>
    </ClCompile>
    <ClCompile Include="debug\moc_userlogindlg.cpp">
      <Filter>Generated Files</Filter>
    </ClCompile>
    <ClCompile Include="release\moc_userlogindlg.cpp">
      <Filter>Generated Files</Filter>
    </ClCompile>
    <ClCompile Include="debug\qrc_sfclient.cpp">
      <Filter>Generated Files</Filter>
    </ClCompile>
    <ClCompile Include="release\qrc_sfclient.cpp">
      <Filter>Generated Files</Filter>
    </ClCompile>
  </ItemGroup>
  <ItemGroup>
    <None Include="images\btn.png">
      <Filter>Resource Files</Filter>
    </None>
    <None Include="images\close.png">
      <Filter>Resource Files</Filter>
    </None>
    <None Include="images\exit.png">
      <Filter>Resource Files</Filter>
    </None>
    <None Include="images\file.png">
      <Filter>Resource Files</Filter>
    </None>
    <None Include="images\help.png">
      <Filter>Resource Files</Filter>
    </None>
    <None Include="images\login.png">
      <Filter>Resource Files</Filter>
    </None>
    <None Include="images\logo.ico">
      <Filter>Resource Files</Filter>
    </None>
    <None Include="images\online.png">
      <Filter>Resource Files</Filter>
    </None>
    <None Include="images\pro.png">
      <Filter>Resource Files</Filter>
    </None>
    <None Include="images\pwd.png">
      <Filter>Resource Files</Filter>
    </None>
    <CustomBuild Include="sfclient.qrc">
      <Filter>Resource Files</Filter>
    </CustomBuild>
    <None Include="images\title.png">
      <Filter>Resource Files</Filter>
    </None>
    <None Include="images\top.png">
      <Filter>Resource Files</Filter>
    </None>
    <None Include="images\tray.png">
      <Filter>Resource Files</Filter>
    </None>
    <None Include="images\upload.png">
      <Filter>Resource Files</Filter>
    </None>
    <None Include="images\user.png">
      <Filter>Resource Files</Filter>
    </None>
  </ItemGroup>
  <ItemGroup>
    <ResourceCompile Include="sfclient.rc" />
  </ItemGroup>
</Project>