
Microsoft Visual Studio Solution File, Format Version 11.00
# Visual Studio 2010
Project("{8BC9CEB8-8B4A-11D0-8D11-00A0C91BC942}") = "telhelper", "telhelper.vcxproj", "{C2DBF6DA-9B42-3490-B582-B53B59DD01E5}"
EndProject
Global
	GlobalSection(SolutionConfigurationPlatforms) = preSolution
		Debug|Win32 = Debug|Win32
		Release|Win32 = Release|Win32
	EndGlobalSection
	GlobalSection(ProjectConfigurationPlatforms) = postSolution
		{C2DBF6DA-9B42-3490-B582-B53B59DD01E5}.Debug|Win32.ActiveCfg = Debug|Win32
		{C2DBF6DA-9B42-3490-B582-B53B59DD01E5}.Debug|Win32.Build.0 = Debug|Win32
		{C2DBF6DA-9B42-3490-B582-B53B59DD01E5}.Release|Win32.ActiveCfg = Release|Win32
		{C2DBF6DA-9B42-3490-B582-B53B59DD01E5}.Release|Win32.Build.0 = Release|Win32
	EndGlobalSection
	GlobalSection(SolutionProperties) = preSolution
		HideSolutionNode = FALSE
	EndGlobalSection
EndGlobal
